
Microsoft Visual Studio Solution File, Format Version 12.00
# Visual Studio Version 17
VisualStudioVersion = 17.13.35931.197
MinimumVisualStudioVersion = 10.0.40219.1
Project("{FAE04EC0-301F-11D3-BF4B-00C04F79EFBC}") = "POC Tesseract", "POC Tesseract\POC Tesseract.csproj", "{31C0C0B7-9677-404E-BAAC-290722C36AF6}"
EndProject
Project("{FAE04EC0-301F-11D3-BF4B-00C04F79EFBC}") = "TestTesseract", "TestTesseract\TestTesseract.csproj", "{B1650C9D-6206-46DF-A1D0-F6A5CC5771E5}"
EndProject
Project("{FAE04EC0-301F-11D3-BF4B-00C04F79EFBC}") = "TestsImplementation", "TestsImplementation\TestsImplementation.csproj", "{59CC6803-E49F-4182-9733-D6E761375699}"
EndProject
Project("{FAE04EC0-301F-11D3-BF4B-00C04F79EFBC}") = "VSCaptureExtension", "VSCaptureExtension\VSCaptureExtension.csproj", "{530B514C-5023-4ECE-91D9-18B457DE9AB6}"
	ProjectSection(ProjectDependencies) = postProject
		{DA208058-6334-49CD-8729-B780E6639694} = {DA208058-6334-49CD-8729-B780E6639694}
	EndProjectSection
EndProject
Project("{FAE04EC0-301F-11D3-BF4B-00C04F79EFBC}") = "PreviewAPI", "PreviewAPI\PreviewAPI.csproj", "{DA208058-6334-49CD-8729-B780E6639694}"
EndProject
Global
	GlobalSection(SolutionConfigurationPlatforms) = preSolution
		Debug|Any CPU = Debug|Any CPU
		Release|Any CPU = Release|Any CPU
	EndGlobalSection
	GlobalSection(ProjectConfigurationPlatforms) = postSolution
		{31C0C0B7-9677-404E-BAAC-290722C36AF6}.Debug|Any CPU.ActiveCfg = Debug|Any CPU
		{31C0C0B7-9677-404E-BAAC-290722C36AF6}.Debug|Any CPU.Build.0 = Debug|Any CPU
		{31C0C0B7-9677-404E-BAAC-290722C36AF6}.Release|Any CPU.ActiveCfg = Release|Any CPU
		{31C0C0B7-9677-404E-BAAC-290722C36AF6}.Release|Any CPU.Build.0 = Release|Any CPU
		{B1650C9D-6206-46DF-A1D0-F6A5CC5771E5}.Debug|Any CPU.ActiveCfg = Debug|Any CPU
		{B1650C9D-6206-46DF-A1D0-F6A5CC5771E5}.Debug|Any CPU.Build.0 = Debug|Any CPU
		{B1650C9D-6206-46DF-A1D0-F6A5CC5771E5}.Release|Any CPU.ActiveCfg = Release|Any CPU
		{B1650C9D-6206-46DF-A1D0-F6A5CC5771E5}.Release|Any CPU.Build.0 = Release|Any CPU
		{59CC6803-E49F-4182-9733-D6E761375699}.Debug|Any CPU.ActiveCfg = Debug|Any CPU
		{59CC6803-E49F-4182-9733-D6E761375699}.Debug|Any CPU.Build.0 = Debug|Any CPU
		{59CC6803-E49F-4182-9733-D6E761375699}.Release|Any CPU.ActiveCfg = Release|Any CPU
		{59CC6803-E49F-4182-9733-D6E761375699}.Release|Any CPU.Build.0 = Release|Any CPU
		{530B514C-5023-4ECE-91D9-18B457DE9AB6}.Debug|Any CPU.ActiveCfg = Debug|Any CPU
		{530B514C-5023-4ECE-91D9-18B457DE9AB6}.Debug|Any CPU.Build.0 = Debug|Any CPU
		{530B514C-5023-4ECE-91D9-18B457DE9AB6}.Release|Any CPU.ActiveCfg = Release|Any CPU
		{530B514C-5023-4ECE-91D9-18B457DE9AB6}.Release|Any CPU.Build.0 = Release|Any CPU
		{DA208058-6334-49CD-8729-B780E6639694}.Debug|Any CPU.ActiveCfg = Debug|Any CPU
		{DA208058-6334-49CD-8729-B780E6639694}.Debug|Any CPU.Build.0 = Debug|Any CPU
		{DA208058-6334-49CD-8729-B780E6639694}.Release|Any CPU.ActiveCfg = Release|Any CPU
		{DA208058-6334-49CD-8729-B780E6639694}.Release|Any CPU.Build.0 = Release|Any CPU
	EndGlobalSection
	GlobalSection(SolutionProperties) = preSolution
		HideSolutionNode = FALSE
	EndGlobalSection
	GlobalSection(ExtensibilityGlobals) = postSolution
		SolutionGuid = {F6814BC9-7F94-478E-8CA5-884FB1A5C939}
	EndGlobalSection
EndGlobal
